# This file is autogenerated, do not edit; changes may be undone by the next 'dep ensure'.


[[projects]]
  digest = "1:c731e64b230aaf9b4693baa56c3337921189b802652ee3401cd4aedc1a2d2d16"
  name = "github.com/allegro/bigcache"
  packages = [
    ".",
    "queue",
  ]
  pruneopts = "T"
  revision = "84a0ff3f153cbd7e280a19029a864bb04b504e62"
  version = "v1.2.0"

[[projects]]
  branch = "master"
  digest = "1:219b84f8c6b3456cd33a87e5ca3281f02a67595d8ccd5658204e041bacb9e9a4"
  name = "github.com/aristanetworks/goarista"
  packages = ["monotime"]
  pruneopts = "T"
  revision = "a123909ec740ba2ed43a293e3febaf7618aa67d5"

[[projects]]
  digest = "1:63c4df670f1d9c09ba7b16bf67089c144df1b5e5f66c59f47bcee7b3d1977c32"
  name = "github.com/aws/aws-sdk-go"
  packages = [
    "aws/awserr",
    "aws/credentials",
    "internal/ini",
    "internal/shareddefaults",
  ]
  pruneopts = "T"
  revision = "9000241da407010f1e20c6dcbf00d0cbc9255ff9"
  version = "v1.19.4"

[[projects]]
  branch = "master"
  digest = "1:38279387128c2e74e2a316a5125784920cd6455b693f993e13f93eb11203463b"
  name = "github.com/btcsuite/btcd"
  packages = ["btcec"]
  pruneopts = "T"
  revision = "aa6e0f35703c1438cc45860ddc0c3f6e6c633c93"

[[projects]]
  digest = "1:fed1f537c2f1269fe475a8556c393fe466641682d73ef8fd0491cd3aa1e47bad"
  name = "github.com/certifi/gocertifi"
  packages = ["."]
  pruneopts = "T"
  revision = "deb3ae2ef2610fde3330947281941c562861188b"
  version = "2018.01.18"

[[projects]]
  digest = "1:e47d51dab652d26c3fba6f8cba403f922d02757a82abdc77e90df7948daf296e"
  name = "github.com/deckarep/golang-set"
  packages = ["."]
  pruneopts = "T"
  revision = "cbaa98ba5575e67703b32b4b19f73c91f3c4159e"
  version = "v1.7.1"

[[projects]]
  digest = "1:1530d06761f464b62ab3dfc2fa5b16303901d87ff219100a1447ba216d2e52be"
  name = "github.com/ethereum/go-ethereum"
  packages = [
    ".",
    "accounts",
    "accounts/abi",
    "accounts/abi/bind",
    "accounts/keystore",
    "common",
    "common/hexutil",
    "common/math",
    "common/mclock",
    "common/prque",
    "consensus",
    "consensus/misc",
    "contracts/ens",
    "contracts/ens/contract",
    "core",
    "core/rawdb",
    "core/state",
    "core/types",
    "core/vm",
    "crypto",
    "crypto/bn256",
    "crypto/bn256/cloudflare",
    "crypto/bn256/google",
    "crypto/secp256k1",
    "ethclient",
    "ethdb",
    "event",
    "log",
    "metrics",
    "p2p/netutil",
    "params",
    "rlp",
    "rpc",
    "trie",
  ]
  pruneopts = "T"
  revision = "c942700427557e3ff6de3aaf6b916e2f056c1ec2"
  version = "v1.8.23"

[[projects]]
  digest = "1:4c183be9fd1680d917006bb4884c1ac3d00a6bd33b0d36c8439c8cbd011e5aac"
  name = "github.com/getsentry/raven-go"
  packages = ["."]
  pruneopts = "T"
  revision = "f04e7487e9a6b9d9837d52743fb5f40576c56411"
  version = "v0.2.0"

[[projects]]
  digest = "1:586ea76dbd0374d6fb649a91d70d652b7fe0ccffb8910a77468e7702e7901f3d"
  name = "github.com/go-stack/stack"
  packages = ["."]
  pruneopts = "T"
  revision = "2fee6af1a9795aafbe0253a0cfbdf668e1fb8a9a"
  version = "v1.8.0"

[[projects]]
  digest = "1:f37c069fadbaa889f79aea9cd463d225000a0d26f1e7423f14c0cd58fbc5c597"
  name = "github.com/golang/snappy"
  packages = ["."]
  pruneopts = "T"
  revision = "2a8bb927dd31d8daada140a5d09578521ce5c36a"
  version = "v0.0.1"

[[projects]]
  digest = "1:582b704bebaa06b48c29b0cec224a6058a09c86883aaddabde889cd1a5f73e1b"
  name = "github.com/google/uuid"
  packages = ["."]
  pruneopts = "T"
  revision = "0cd6bf5da1e1c83f8b45653022c74f71af0538a4"
  version = "v1.1.1"

[[projects]]
  digest = "1:a0df06fe95141a259ff0765ee99c6ecf954b7565a7adcf7c34271e5f351bc64c"
  name = "github.com/gxed/hashland"
  packages = [
    "keccakpg",
    "murmur3",
  ]
  pruneopts = "T"
  revision = "a72cc0875a1e95edd309d3134bc7c11bf2d7360b"
  version = "v0.0.1"

[[projects]]
  digest = "1:d15ee511aa0f56baacc1eb4c6b922fa1c03b38413b6be18166b996d82a0156ea"
  name = "github.com/hashicorp/golang-lru"
  packages = [
    ".",
    "simplelru",
  ]
  pruneopts = "T"
  revision = "7087cb70de9f7a8bc0a10c375cb0d2280a8edf9c"
  version = "v0.5.1"

[[projects]]
  digest = "1:fa3a7dc0a780fb19838fb96d4e18c0b9a019d9bb618798308d7b6ca48fcb9876"
  name = "github.com/jbenet/go-base58"
  packages = ["."]
  pruneopts = "T"
  revision = "6237cf65f3a6f7111cd8a42be3590df99a66bc7d"
  version = "1.0.0"

[[projects]]
  branch = "master"
  digest = "1:130cefe87d7eeefc824978dcb78e35672d4c49a11f25c153fbf0cfd952756fa3"
  name = "github.com/minio/blake2b-simd"
  packages = ["."]
  pruneopts = "T"
  revision = "3f5f724cb5b182a5c278d6d3d55b40e7f8c2efb4"

[[projects]]
  branch = "master"
  digest = "1:04d69739a5e01a32391a952b4243c1308fb875b9ad7302355eb37bbdb8c3e70b"
  name = "github.com/minio/sha256-simd"
  packages = ["."]
  pruneopts = "T"
  revision = "3557f3d43a123835ffa5846e4d055146e773d52e"

[[projects]]
  digest = "1:e5f582b211c2ebe976f888293a457e6036fb03c0d3db7263516384523364f634"
  name = "github.com/mr-tron/base58"
  packages = ["base58"]
  pruneopts = "T"
  revision = "6598572f05537592acb5a609ff53c4c7fbba7a3e"
  version = "v1.1.1"

[[projects]]
  branch = "master"
  digest = "1:a0049505f6d54193a4fdda2cb710ae0e3b3c91e61893386cabd58d59ff661d07"
  name = "github.com/multiformats/go-multiaddr"
  packages = ["."]
  pruneopts = "T"
  revision = "ce21123d5172669bbf37a166078bc5f9d345ec2f"

[[projects]]
  branch = "master"
  digest = "1:c0c110a1ec1325acd5bd84eb25e0877421262802d14d5bf8238bdc62d05b586d"
  name = "github.com/multiformats/go-multihash"
  packages = ["."]
  pruneopts = "T"
  revision = "2ca70e715b6950a9382097b770a3f44fd570d388"

[[projects]]
  digest = "1:e5d0bd87abc2781d14e274807a470acd180f0499f8bf5bb18606e9ec22ad9de9"
  name = "github.com/pborman/uuid"
  packages = ["."]
  pruneopts = "T"
  revision = "adf5a7427709b9deb95d29d3fa8a2bf9cfd388f1"
  version = "v1.2"

[[projects]]
  digest = "1:cf31692c14422fa27c83a05292eb5cbe0fb2775972e8f1f8446a71549bd8980b"
  name = "github.com/pkg/errors"
  packages = ["."]
  pruneopts = "T"
  revision = "ba968bfe8b2f7e042a574c888954fccecfa385b4"
  version = "v0.8.1"

[[projects]]
  branch = "master"
  digest = "1:572a577922bb7a0db8144d9682eedf3fff8e5ec1b65587ad750c46f6b71f2b34"
  name = "github.com/renproject/libeth-go"
  packages = ["."]
  pruneopts = "T"
  revision = "8ff82bee6c22ffd330223dac4384081961645f6d"

[[projects]]
  digest = "1:f79249d48feddcb0bb4f34101493ada0c191eefdc185ea52040a578204614c6d"
  name = "github.com/renproject/phi"
  packages = [
    ".",
    "co",
    "task",
  ]
  pruneopts = "T"
  revision = "51f586bc48167749fb69b9e4933569eefcde98a3"
  version = "v0.1.0"

[[projects]]
  branch = "develop"
  digest = "1:fc53d345af9254c887621a8926615095ba7892e500b183eab7e0655a09ea8d61"
  name = "github.com/republicprotocol/darknode-cli"
  packages = [
    "bindings",
    "config",
  ]
  pruneopts = "T"
  revision = "8ec89e14ad792b2cdb2464cc8ca55b5f1febbed5"

[[projects]]
  branch = "develop"
  digest = "1:e7c0477c26ab218fe02c82313def8041b1858891d4132b0fcc9b780b123af4ae"
  name = "github.com/republicprotocol/republic-go"
  packages = [
    "cmd/darknode/config",
    "contract",
    "contract/bindings",
    "crypto",
    "dispatch",
    "identity",
    "logger",
    "order",
    "registry",
    "shamir",
    "stackint",
    "stackint/asm",
  ]
  pruneopts = "T"
  revision = "acf8ea72d67d2da7aa9fecd000d3c73cde87c800"

[[projects]]
  digest = "1:9787d2d3220cbfd444596afd03ab0abcf391df169b789fbe3eae27fa2e426cf6"
  name = "github.com/rjeczalik/notify"
  packages = ["."]
  pruneopts = "T"
  revision = "69d839f37b13a8cb7a78366f7633a4071cb43be7"
  version = "v0.9.2"

[[projects]]
  digest = "1:a8a03bca5a81878daa4958136f3372af00437c61129ca088a430b0b786b9378a"
  name = "github.com/rs/cors"
  packages = ["."]
  pruneopts = "T"
  revision = "9a47f48565a795472d43519dd49aac781f3034fb"
  version = "v1.6.0"

[[projects]]
  digest = "1:0259dc37735eccf1715a97e74309c6d8579b64ab297df21bf647b2672c8fdc11"
  name = "github.com/syndtr/goleveldb"
  packages = [
    "leveldb",
    "leveldb/cache",
    "leveldb/comparer",
    "leveldb/errors",
    "leveldb/filter",
    "leveldb/iterator",
    "leveldb/journal",
    "leveldb/memdb",
    "leveldb/opt",
    "leveldb/storage",
    "leveldb/table",
    "leveldb/util",
  ]
  pruneopts = "T"
  revision = "9d007e481048296f09f59bd19bb7ae584563cd95"
  version = "v1.0.0"

[[projects]]
  digest = "1:a4ef215bd846f9407d095f526879cb232330e1e7a748c70e384f775a6a64fd3e"
  name = "github.com/urfave/cli"
  packages = ["."]
  pruneopts = "T"
  revision = "cfb38830724cc34fedffe9a2a29fb54fa9169cd1"
  version = "v1.20.0"

[[projects]]
  branch = "master"
  digest = "1:287367cdf1d4ad1b717dcc43a31f500eb36a2bdfc1ad3305fc023e58e1ece269"
  name = "golang.org/x/crypto"
  packages = [
    "blake2s",
    "curve25519",
    "ed25519",
    "ed25519/internal/edwards25519",
    "internal/chacha20",
    "internal/subtle",
    "pbkdf2",
    "poly1305",
    "ripemd160",
    "scrypt",
    "sha3",
    "ssh",
  ]
  pruneopts = "T"
  revision = "a5d413f7728c81fb97d96a2b722368945f651e78"

[[projects]]
  branch = "master"
  digest = "1:95b2a8f83570762e6211c5d5823840d64e04f85fec8adc32735f6b702c858872"
  name = "golang.org/x/net"
  packages = ["websocket"]
  pruneopts = "T"
  revision = "63eda1eb0650888965ead1296efd04d0b2b61128"

[[projects]]
  branch = "master"
  digest = "1:92d28915fed72feacdea31a00dbe77b86eca8e0b4530ce125442119d4af0ae6b"
  name = "golang.org/x/sys"
  packages = [
    "cpu",
    "unix",
  ]
  pruneopts = "T"
  revision = "f49334f85ddcf0f08d7fb6dd7363e9e6d6b777eb"

[[projects]]
  branch = "v2"
  digest = "1:3d3f9391ab615be8655ae0d686a1564f3fec413979bb1aaf018bac1ec1bb1cc7"
  name = "gopkg.in/natefinch/npipe.v2"
  packages = ["."]
  pruneopts = "T"
  revision = "c1b8fa8bdccecb0b8db834ee0b92fdbcfa606dd6"

[solve-meta]
  analyzer-name = "dep"
  analyzer-version = 1
  input-imports = [
    "github.com/aws/aws-sdk-go/aws/credentials",
    "github.com/ethereum/go-ethereum",
    "github.com/ethereum/go-ethereum/accounts/abi",
    "github.com/ethereum/go-ethereum/accounts/abi/bind",
    "github.com/ethereum/go-ethereum/common",
    "github.com/ethereum/go-ethereum/core/types",
    "github.com/ethereum/go-ethereum/crypto",
    "github.com/ethereum/go-ethereum/crypto/secp256k1",
    "github.com/ethereum/go-ethereum/event",
    "github.com/jbenet/go-base58",
    "github.com/multiformats/go-multihash",
    "github.com/renproject/libeth-go",
    "github.com/renproject/phi",
    "github.com/republicprotocol/darknode-cli/bindings",
    "github.com/republicprotocol/darknode-cli/config",
    "github.com/republicprotocol/republic-go/cmd/darknode/config",
    "github.com/republicprotocol/republic-go/contract",
    "github.com/republicprotocol/republic-go/crypto",
    "github.com/republicprotocol/republic-go/identity",
    "github.com/republicprotocol/republic-go/logger",
    "github.com/urfave/cli",
    "golang.org/x/crypto/ssh",
  ]
  solver-name = "gps-cdcl"
  solver-version = 1
